<?xml version="1.0" encoding="UTF-8"?>
<Scheme
  LastUpgradeVersion = "0500"
  version = "1.3">
  <BuildAction
     parallelizeBuildables = "YES"
     buildImplicitDependencies = "YES">
     <BuildActionEntries>
        <BuildActionEntry
           buildForTesting = "YES"
           buildForRunning = "YES"
           buildForProfiling = "YES"
           buildForArchiving = "YES"
           buildForAnalyzing = "YES">
           <BuildableReference
              BuildableIdentifier = "primary"
              BlueprintIdentifier = "BC6CF2F6BCAD22A2C9CEA3AA"
              BuildableName = "UnrealLaunchDaemon.app"
              BlueprintName = "UnrealLaunchDaemon - iOS"
              ReferencedContainer = "container:Project3rdPerson.xcodeproj">
           </BuildableReference>
        </BuildActionEntry>
     </BuildActionEntries>
  </BuildAction>
  <TestAction
      selectedDebuggerIdentifier = "Xcode.DebuggerFoundation.Debugger.LLDB"
     selectedLauncherIdentifier = "Xcode.DebuggerFoundation.Launcher.LLDB"
     shouldUseLaunchSchemeArgsEnv = "YES"
      buildConfiguration = "Debug">
     <Testables>
        <TestableReference
           skipped = "NO">
           <BuildableReference
              BuildableIdentifier = "primary"
              BlueprintIdentifier = "2F820BA1B5797C0DAC20F2DB"
              BuildableName = "UE4CmdLineRun.xctest"
              BlueprintName = "UE4CmdLineRun"
              ReferencedContainer = "container:Project3rdPerson.xcodeproj">
           </BuildableReference>
        </TestableReference>
     </Testables>
     <MacroExpansion>
        <BuildableReference
           BuildableIdentifier = "primary"
           BlueprintIdentifier = "BC6CF2F6BCAD22A2C9CEA3AA"
           BuildableName = "UnrealLaunchDaemon.app"
           BlueprintName = "UnrealLaunchDaemon - iOS"
           ReferencedContainer = "container:Project3rdPerson.xcodeproj">
        </BuildableReference>
     </MacroExpansion>
  </TestAction>
  <LaunchAction
     selectedDebuggerIdentifier = "Xcode.DebuggerFoundation.Debugger.LLDB"
     selectedLauncherIdentifier = "Xcode.DebuggerFoundation.Launcher.LLDB"
     launchStyle = "0"
     useCustomWorkingDirectory = "NO"
     buildConfiguration = "Debug"
     ignoresPersistentStateOnLaunch = "NO"
     debugDocumentVersioning = "YES"
     allowLocationSimulation = "YES">
     <BuildableProductRunnable>
        <BuildableReference
           BuildableIdentifier = "primary"
           BlueprintIdentifier = "BC6CF2F6BCAD22A2C9CEA3AA"
           BuildableName = "UnrealLaunchDaemon.app"
           BlueprintName = "UnrealLaunchDaemon - iOS"
           ReferencedContainer = "container:Project3rdPerson.xcodeproj">
        </BuildableReference>
     </BuildableProductRunnable>
     <AdditionalOptions>
     </AdditionalOptions>
  </LaunchAction>
  <ProfileAction
     shouldUseLaunchSchemeArgsEnv = "YES"
     savedToolIdentifier = ""
     useCustomWorkingDirectory = "NO"
     buildConfiguration = "Development"
     debugDocumentVersioning = "YES">
     <PathRunnable
        FilePath = "/Volumes/OS X HDD/Users/Adam/Developer/UnrealEngine/Engine/Binaries/IOS/UnrealLaunchDaemon.app">
     </PathRunnable>
     <BuildableProductRunnable>
         <BuildableReference
             BuildableIdentifier = "primary"
	          BlueprintIdentifier = "BC6CF2F6BCAD22A2C9CEA3AA"
             BuildableName = "UnrealLaunchDaemon.app"
             BlueprintName = "UnrealLaunchDaemon"
             ReferencedContainer = "container:UE4.xcodeproj">
         </BuildableReference>
     </BuildableProductRunnable>
  </ProfileAction>
  <AnalyzeAction
     buildConfiguration = "Debug">
  </AnalyzeAction>
  <ArchiveAction
     buildConfiguration = "Development"
     revealArchiveInOrganizer = "YES">
  </ArchiveAction>
</Scheme>
